schema: '2.0'
stages:
  get_data:
    cmd: python restaurant_model_training/get_data.py
    deps:
    - path: restaurant_model_training/config.py
      hash: md5
      md5: ff4ba43d8379cfb1d23eedeed5c015bc
      size: 1001
    - path: restaurant_model_training/get_data.py
      hash: md5
      md5: b6c899bc7015a2a48b89fb1d1d483586
      size: 984
    outs:
    - path: data/raw
      hash: md5
      md5: 706d6ab9d8fddff5a47d00b0f65208b8.dir
      size: 61190
      nfiles: 2
  preprocess:
    cmd: python restaurant_model_training/preprocessing.py
    deps:
    - path: restaurant_model_training/config.py
      hash: md5
      md5: ff4ba43d8379cfb1d23eedeed5c015bc
      size: 1001
    - path: restaurant_model_training/preprocessing.py
      hash: md5
      md5: 4a50e8e69daf80282a796e38ea6b6dde
      size: 795
    outs:
    - path: data/processed
      hash: md5
      md5: 6b506ff5a53f383c7139ef7b8223e318.dir
      size: 85998
      nfiles: 1
  train:
    cmd: python -m restaurant_model_training.modeling.train
    deps:
    - path: restaurant_model_training/config.py
      hash: md5
      md5: ff4ba43d8379cfb1d23eedeed5c015bc
      size: 1001
    - path: restaurant_model_training/modeling/train.py
      hash: md5
      md5: a6d86b5e4efddc2ae6d50e510b586208
      size: 4402
    outs:
    - path: metrics/metrics.json
      hash: md5
      md5: 5c6663930982e740d6465f120c6d23cd
      size: 244
    - path: models/BoW_Sentiment_Model.pkl
      hash: md5
      md5: 453cea01dec9d452fc59dbe1ae48876e
      size: 39435
    - path: models/Classifier_Sentiment_Model.joblib
      hash: md5
      md5: 7dc6aed243ae2e83d0af2e966804ad5f
      size: 46215
