schema: '2.0'
stages:
  get_data:
    cmd: python restaurant_model_training/get_data.py
    deps:
    - path: restaurant_model_training/get_data.py
      hash: md5
      md5: 4c8642a4f4f43d7bb84af5065264db79
      size: 956
    outs:
    - path: data/raw
      hash: md5
      md5: 706d6ab9d8fddff5a47d00b0f65208b8.dir
      size: 61190
      nfiles: 2
  preprocess:
    cmd: python restaurant_model_training/preprocessing.py
    deps:
    - path: restaurant_model_training/preprocessing.py
      hash: md5
      md5: 1dff6b88f805c9b3fed611d4cd567d25
      size: 779
    outs:
    - path: data/processed
      hash: md5
      md5: 39c9c01b540526d72c89a6a636d33b26.dir
      size: 85097
      nfiles: 1
  train:
    cmd: python -m restaurant_model_training.modeling.train
    deps:
    - path: restaurant_model_training/modeling/train.py
      hash: md5
      md5: 9b5f88df3b4ef855a42726cc49fc39fa
      size: 3443
    outs:
    - path: metrics/metrics.json
      hash: md5
      md5: cd6f5fb4cb9281088914cac59ba8be5c
      size: 32
    - path: models/BoW_Sentiment_Model.pkl
      hash: md5
      md5: 97912c296013d3130d62c73aa5f8ad34
      size: 39451
    - path: models/Classifier_Sentiment_Model
      hash: md5
      md5: 457ea82f8c39bcec80bf56416d5a348b
      size: 46215
